{
  "version": 4,
  "terraform_version": "0.14.6",
  "serial": 5,
  "lineage": "eec974ce-c68a-5213-4a66-9780aee9114b",
  "outputs": {},
  "resources": [
    {
      "module": "module.bigquery",
      "mode": "managed",
      "type": "google_bigquery_dataset",
      "name": "main",
      "provider": "provider[\"registry.terraform.io/hashicorp/google\"]",
      "instances": [
        {
          "schema_version": 0,
          "attributes": {
            "access": [
              {
                "domain": "",
                "group_by_email": "",
                "role": "OWNER",
                "special_group": "projectOwners",
                "user_by_email": "",
                "view": []
              }
            ],
            "creation_time": 1613065536536,
            "dataset_id": "sample_pch_ds",
            "default_encryption_configuration": [],
            "default_partition_expiration_ms": 0,
            "default_table_expiration_ms": 3600000,
            "delete_contents_on_destroy": false,
            "description": "Sample PCH dataset description",
            "etag": "gYR7Pa87yjQ5mI/13sOEoQ==",
            "friendly_name": "sample_pch_ds",
            "id": "projects/hostproj/datasets/sample_pch_ds",
            "labels": {
              "billable": "true",
              "env": "dev"
            },
            "last_modified_time": 1613065536536,
            "location": "US",
            "project": "hostproj",
            "self_link": "https://bigquery.googleapis.com/bigquery/v2/projects/hostproj/datasets/sample_pch_ds",
            "timeouts": null
          },
          "sensitive_attributes": [],
          "private": "eyJlMmJmYjczMC1lY2FhLTExZTYtOGY4OC0zNDM2M2JjN2M0YzAiOnsiY3JlYXRlIjoyNDAwMDAwMDAwMDAsImRlbGV0ZSI6MjQwMDAwMDAwMDAwLCJ1cGRhdGUiOjI0MDAwMDAwMDAwMH19"
        }
      ]
    },
    {
      "module": "module.bigquery",
      "mode": "managed",
      "type": "google_bigquery_table",
      "name": "main",
      "provider": "provider[\"registry.terraform.io/hashicorp/google\"]",
      "instances": [
        {
          "index_key": "classification",
          "schema_version": 0,
          "attributes": {
            "clustering": [],
            "creation_time": 1613065536951,
            "dataset_id": "sample_pch_ds",
            "description": "",
            "encryption_configuration": [],
            "etag": "c3gDax5Auuo2DzmGdWojAw==",
            "expiration_time": 1613069136951,
            "external_data_configuration": [],
            "friendly_name": "classification",
            "id": "projects/hostproj/datasets/sample_pch_ds/tables/classification",
            "labels": {
              "billable": "true",
              "env": "dev"
            },
            "last_modified_time": 1613065537051,
            "location": "US",
            "materialized_view": [],
            "num_bytes": 0,
            "num_long_term_bytes": 0,
            "num_rows": 0,
            "project": "hostproj",
            "range_partitioning": [],
            "schema": "[{\"mode\":\"NULLABLE\",\"name\":\"transaction_id\",\"type\":\"INTEGER\"},{\"mode\":\"NULLABLE\",\"name\":\"document_uuid\",\"type\":\"INTEGER\"},{\"mode\":\"NULLABLE\",\"name\":\"page_uuid\",\"type\":\"INTEGER\"},{\"mode\":\"NULLABLE\",\"name\":\"start_time\",\"type\":\"DATETIME\"},{\"mode\":\"NULLABLE\",\"name\":\"end_time\",\"type\":\"DATETIME\"},{\"mode\":\"NULLABLE\",\"name\":\"total_processing_time\",\"type\":\"DATETIME\"},{\"mode\":\"NULLABLE\",\"name\":\"confidence_of_page\",\"type\":\"FLOAT\"},{\"mode\":\"NULLABLE\",\"name\":\"intelligent_splitting\",\"type\":\"BOOLEAN\"},{\"mode\":\"NULLABLE\",\"name\":\"class_of_page\",\"type\":\"STRING\"}]",
            "self_link": "https://bigquery.googleapis.com/bigquery/v2/projects/hostproj/datasets/sample_pch_ds/tables/classification",
            "table_id": "classification",
            "time_partitioning": [
              {
                "expiration_ms": 0,
                "field": "",
                "require_partition_filter": false,
                "type": "DAY"
              }
            ],
            "type": "TABLE",
            "view": []
          },
          "sensitive_attributes": [],
          "private": "bnVsbA==",
          "dependencies": [
            "module.bigquery.google_bigquery_dataset.main"
          ]
        },
        {
          "index_key": "entity_extraction",
          "schema_version": 0,
          "attributes": {
            "clustering": [],
            "creation_time": 1613065536961,
            "dataset_id": "sample_pch_ds",
            "description": "",
            "encryption_configuration": [],
            "etag": "mFTjgyVXFvVlRv8JYNRDxA==",
            "expiration_time": 1613069136961,
            "external_data_configuration": [],
            "friendly_name": "entity_extraction",
            "id": "projects/hostproj/datasets/sample_pch_ds/tables/entity_extraction",
            "labels": {
              "billable": "true",
              "env": "dev"
            },
            "last_modified_time": 1613065537051,
            "location": "US",
            "materialized_view": [],
            "num_bytes": 0,
            "num_long_term_bytes": 0,
            "num_rows": 0,
            "project": "hostproj",
            "range_partitioning": [],
            "schema": "[{\"mode\":\"NULLABLE\",\"name\":\"transaction_id\",\"type\":\"INTEGER\"},{\"mode\":\"NULLABLE\",\"name\":\"document_uuid\",\"type\":\"INTEGER\"},{\"mode\":\"NULLABLE\",\"name\":\"page_uuid\",\"type\":\"INTEGER\"},{\"mode\":\"NULLABLE\",\"name\":\"start_time\",\"type\":\"DATETIME\"},{\"mode\":\"NULLABLE\",\"name\":\"end_time\",\"type\":\"DATETIME\"},{\"mode\":\"NULLABLE\",\"name\":\"total_processing_time\",\"type\":\"DATETIME\"},{\"mode\":\"NULLABLE\",\"name\":\"no_of_values_extracted\",\"type\":\"INTEGER\"},{\"mode\":\"NULLABLE\",\"name\":\"no_of_keys_extracted\",\"type\":\"INTEGER\"},{\"mode\":\"NULLABLE\",\"name\":\"no_of_keys_to_be_extracted\",\"type\":\"INTEGER\"},{\"mode\":\"NULLABLE\",\"name\":\"confidence\",\"type\":\"FLOAT\"}]",
            "self_link": "https://bigquery.googleapis.com/bigquery/v2/projects/hostproj/datasets/sample_pch_ds/tables/entity_extraction",
            "table_id": "entity_extraction",
            "time_partitioning": [
              {
                "expiration_ms": 0,
                "field": "",
                "require_partition_filter": false,
                "type": "DAY"
              }
            ],
            "type": "TABLE",
            "view": []
          },
          "sensitive_attributes": [],
          "private": "bnVsbA==",
          "dependencies": [
            "module.bigquery.google_bigquery_dataset.main"
          ]
        }
      ]
    }
  ]
}
